
Microsoft Visual Studio Solution File, Format Version 12.00
# Visual Studio Version 17
VisualStudioVersion = 17.9.34728.123
MinimumVisualStudioVersion = 10.0.40219.1
Project("{FAE04EC0-301F-11D3-BF4B-00C04F79EFBC}") = "EdP_Alimov", "EdP_Alimov\EdP_Alimov.csproj", "{83561C91-835C-4C81-B745-D11F13BE7AA4}"
EndProject
Project("{FAE04EC0-301F-11D3-BF4B-00C04F79EFBC}") = "EdP_Alimov_2", "EdP_Alimov_2\EdP_Alimov_2.csproj", "{1FB968F2-99E1-498F-AC87-296C60FFA0BC}"
EndProject
Global
	GlobalSection(SolutionConfigurationPlatforms) = preSolution
		Debug|Any CPU = Debug|Any CPU
		Release|Any CPU = Release|Any CPU
	EndGlobalSection
	GlobalSection(ProjectConfigurationPlatforms) = postSolution
		{83561C91-835C-4C81-B745-D11F13BE7AA4}.Debug|Any CPU.ActiveCfg = Debug|Any CPU
		{83561C91-835C-4C81-B745-D11F13BE7AA4}.Debug|Any CPU.Build.0 = Debug|Any CPU
		{83561C91-835C-4C81-B745-D11F13BE7AA4}.Release|Any CPU.ActiveCfg = Release|Any CPU
		{83561C91-835C-4C81-B745-D11F13BE7AA4}.Release|Any CPU.Build.0 = Release|Any CPU
		{1FB968F2-99E1-498F-AC87-296C60FFA0BC}.Debug|Any CPU.ActiveCfg = Debug|Any CPU
		{1FB968F2-99E1-498F-AC87-296C60FFA0BC}.Debug|Any CPU.Build.0 = Debug|Any CPU
		{1FB968F2-99E1-498F-AC87-296C60FFA0BC}.Release|Any CPU.ActiveCfg = Release|Any CPU
		{1FB968F2-99E1-498F-AC87-296C60FFA0BC}.Release|Any CPU.Build.0 = Release|Any CPU
	EndGlobalSection
	GlobalSection(SolutionProperties) = preSolution
		HideSolutionNode = FALSE
	EndGlobalSection
	GlobalSection(ExtensibilityGlobals) = postSolution
		SolutionGuid = {ABD1BF22-842D-4603-880C-C39250B8155E}
	EndGlobalSection
EndGlobal
